
Microsoft Visual Studio Solution File, Format Version 12.00
# Visual Studio Version 17
VisualStudioVersion = 17.0.31903.59
MinimumVisualStudioVersion = 10.0.40219.1
Project("{FAE04EC0-301F-11D3-BF4B-00C04F79EFBC}") = "TransmissionFacilityWebApp", "TransmissionFacilityWebApp\TransmissionFacilityWebApp.csproj", "{90D04C1D-AC58-4563-9354-D08811C43831}"
EndProject
Project("{FAE04EC0-301F-11D3-BF4B-00C04F79EFBC}") = "CimXml2Json", "CimXml2Json\CimXml2Json.csproj", "{42F4E2B6-A21F-4214-A306-6BC5010E42F6}"
EndProject
Project("{FAE04EC0-301F-11D3-BF4B-00C04F79EFBC}") = "AsyncLogger", "AsyncLogger\AsyncLogger.csproj", "{63675617-C379-4902-A75D-B81014D977FD}"
EndProject
Global
	GlobalSection(SolutionConfigurationPlatforms) = preSolution
		Debug|Any CPU = Debug|Any CPU
		Release|Any CPU = Release|Any CPU
	EndGlobalSection
	GlobalSection(SolutionProperties) = preSolution
		HideSolutionNode = FALSE
	EndGlobalSection
	GlobalSection(ProjectConfigurationPlatforms) = postSolution
		{90D04C1D-AC58-4563-9354-D08811C43831}.Debug|Any CPU.ActiveCfg = Debug|Any CPU
		{90D04C1D-AC58-4563-9354-D08811C43831}.Debug|Any CPU.Build.0 = Debug|Any CPU
		{90D04C1D-AC58-4563-9354-D08811C43831}.Release|Any CPU.ActiveCfg = Release|Any CPU
		{90D04C1D-AC58-4563-9354-D08811C43831}.Release|Any CPU.Build.0 = Release|Any CPU
		{42F4E2B6-A21F-4214-A306-6BC5010E42F6}.Debug|Any CPU.ActiveCfg = Debug|Any CPU
		{42F4E2B6-A21F-4214-A306-6BC5010E42F6}.Debug|Any CPU.Build.0 = Debug|Any CPU
		{42F4E2B6-A21F-4214-A306-6BC5010E42F6}.Release|Any CPU.ActiveCfg = Release|Any CPU
		{42F4E2B6-A21F-4214-A306-6BC5010E42F6}.Release|Any CPU.Build.0 = Release|Any CPU
		{63675617-C379-4902-A75D-B81014D977FD}.Debug|Any CPU.ActiveCfg = Debug|Any CPU
		{63675617-C379-4902-A75D-B81014D977FD}.Debug|Any CPU.Build.0 = Debug|Any CPU
		{63675617-C379-4902-A75D-B81014D977FD}.Release|Any CPU.ActiveCfg = Release|Any CPU
		{63675617-C379-4902-A75D-B81014D977FD}.Release|Any CPU.Build.0 = Release|Any CPU
	EndGlobalSection
EndGlobal
